
Microsoft Visual Studio Solution File, Format Version 12.00
# Visual Studio Version 16
VisualStudioVersion = 16.0.31424.327
MinimumVisualStudioVersion = 10.0.40219.1
Project("{FAE04EC0-301F-11D3-BF4B-00C04F79EFBC}") = "DaprBackEnd", "DaprBackEnd\DaprBackEnd.csproj", "{2DDD0209-E05A-4277-93C0-7A3A3667C9B9}"
EndProject
Project("{FAE04EC0-301F-11D3-BF4B-00C04F79EFBC}") = "DaprFrontEnd", "DaprFrontEnd\DaprFrontEnd.csproj", "{092065F1-28F4-4010-B68D-60D79A5195D9}"
EndProject
Project("{E53339B2-1760-4266-BCC7-CA923CBCF16C}") = "docker-compose", "docker-compose.dcproj", "{F28A1295-6328-4676-98B2-C0167E19B4E9}"
EndProject
Global
	GlobalSection(SolutionConfigurationPlatforms) = preSolution
		Debug|Any CPU = Debug|Any CPU
		Release|Any CPU = Release|Any CPU
	EndGlobalSection
	GlobalSection(ProjectConfigurationPlatforms) = postSolution
		{2DDD0209-E05A-4277-93C0-7A3A3667C9B9}.Debug|Any CPU.ActiveCfg = Debug|Any CPU
		{2DDD0209-E05A-4277-93C0-7A3A3667C9B9}.Debug|Any CPU.Build.0 = Debug|Any CPU
		{2DDD0209-E05A-4277-93C0-7A3A3667C9B9}.Release|Any CPU.ActiveCfg = Release|Any CPU
		{2DDD0209-E05A-4277-93C0-7A3A3667C9B9}.Release|Any CPU.Build.0 = Release|Any CPU
		{092065F1-28F4-4010-B68D-60D79A5195D9}.Debug|Any CPU.ActiveCfg = Debug|Any CPU
		{092065F1-28F4-4010-B68D-60D79A5195D9}.Debug|Any CPU.Build.0 = Debug|Any CPU
		{092065F1-28F4-4010-B68D-60D79A5195D9}.Release|Any CPU.ActiveCfg = Release|Any CPU
		{092065F1-28F4-4010-B68D-60D79A5195D9}.Release|Any CPU.Build.0 = Release|Any CPU
		{F28A1295-6328-4676-98B2-C0167E19B4E9}.Debug|Any CPU.ActiveCfg = Debug|Any CPU
		{F28A1295-6328-4676-98B2-C0167E19B4E9}.Debug|Any CPU.Build.0 = Debug|Any CPU
		{F28A1295-6328-4676-98B2-C0167E19B4E9}.Release|Any CPU.ActiveCfg = Release|Any CPU
		{F28A1295-6328-4676-98B2-C0167E19B4E9}.Release|Any CPU.Build.0 = Release|Any CPU
	EndGlobalSection
	GlobalSection(SolutionProperties) = preSolution
		HideSolutionNode = FALSE
	EndGlobalSection
	GlobalSection(ExtensibilityGlobals) = postSolution
		SolutionGuid = {9CA21A8B-50FF-4789-A4C2-7EECD635D322}
	EndGlobalSection
EndGlobal
